
Microsoft Visual Studio Solution File, Format Version 12.00
# Visual Studio Version 17
VisualStudioVersion = 17.0.31903.59
MinimumVisualStudioVersion = 10.0.40219.1
Project("{FAE04EC0-301F-11D3-BF4B-00C04F79EFBC}") = "AssetMonitor.API", "AssetMonitor.API\AssetMonitor.API.csproj", "{1CE4455F-7C36-4511-9672-B5F349D8BB83}"
EndProject
Project("{FAE04EC0-301F-11D3-BF4B-00C04F79EFBC}") = "AssetMonitor.Application", "AssetMonitor.Application\AssetMonitor.Application.csproj", "{967CF8A7-E622-44F8-9D43-89C98E9C7426}"
EndProject
Project("{FAE04EC0-301F-11D3-BF4B-00C04F79EFBC}") = "AssetMonitor.Domain", "AssetMonitor.Domain\AssetMonitor.Domain.csproj", "{06D75F09-D2D2-4D20-8670-3214FE8A8F12}"
EndProject
Project("{FAE04EC0-301F-11D3-BF4B-00C04F79EFBC}") = "AssetMonitor.Infrastructure", "AssetMonitor.Infrastructure\AssetMonitor.Infrastructure.csproj", "{572004BE-A751-49A7-B181-D13902E67BD1}"
EndProject
Global
	GlobalSection(SolutionConfigurationPlatforms) = preSolution
		Debug|Any CPU = Debug|Any CPU
		Debug|x64 = Debug|x64
		Debug|x86 = Debug|x86
		Release|Any CPU = Release|Any CPU
		Release|x64 = Release|x64
		Release|x86 = Release|x86
	EndGlobalSection
	GlobalSection(ProjectConfigurationPlatforms) = postSolution
		{1CE4455F-7C36-4511-9672-B5F349D8BB83}.Debug|Any CPU.ActiveCfg = Debug|Any CPU
		{1CE4455F-7C36-4511-9672-B5F349D8BB83}.Debug|Any CPU.Build.0 = Debug|Any CPU
		{1CE4455F-7C36-4511-9672-B5F349D8BB83}.Debug|x64.ActiveCfg = Debug|Any CPU
		{1CE4455F-7C36-4511-9672-B5F349D8BB83}.Debug|x64.Build.0 = Debug|Any CPU
		{1CE4455F-7C36-4511-9672-B5F349D8BB83}.Debug|x86.ActiveCfg = Debug|Any CPU
		{1CE4455F-7C36-4511-9672-B5F349D8BB83}.Debug|x86.Build.0 = Debug|Any CPU
		{1CE4455F-7C36-4511-9672-B5F349D8BB83}.Release|Any CPU.ActiveCfg = Release|Any CPU
		{1CE4455F-7C36-4511-9672-B5F349D8BB83}.Release|Any CPU.Build.0 = Release|Any CPU
		{1CE4455F-7C36-4511-9672-B5F349D8BB83}.Release|x64.ActiveCfg = Release|Any CPU
		{1CE4455F-7C36-4511-9672-B5F349D8BB83}.Release|x64.Build.0 = Release|Any CPU
		{1CE4455F-7C36-4511-9672-B5F349D8BB83}.Release|x86.ActiveCfg = Release|Any CPU
		{1CE4455F-7C36-4511-9672-B5F349D8BB83}.Release|x86.Build.0 = Release|Any CPU
		{967CF8A7-E622-44F8-9D43-89C98E9C7426}.Debug|Any CPU.ActiveCfg = Debug|Any CPU
		{967CF8A7-E622-44F8-9D43-89C98E9C7426}.Debug|Any CPU.Build.0 = Debug|Any CPU
		{967CF8A7-E622-44F8-9D43-89C98E9C7426}.Debug|x64.ActiveCfg = Debug|Any CPU
		{967CF8A7-E622-44F8-9D43-89C98E9C7426}.Debug|x64.Build.0 = Debug|Any CPU
		{967CF8A7-E622-44F8-9D43-89C98E9C7426}.Debug|x86.ActiveCfg = Debug|Any CPU
		{967CF8A7-E622-44F8-9D43-89C98E9C7426}.Debug|x86.Build.0 = Debug|Any CPU
		{967CF8A7-E622-44F8-9D43-89C98E9C7426}.Release|Any CPU.ActiveCfg = Release|Any CPU
		{967CF8A7-E622-44F8-9D43-89C98E9C7426}.Release|Any CPU.Build.0 = Release|Any CPU
		{967CF8A7-E622-44F8-9D43-89C98E9C7426}.Release|x64.ActiveCfg = Release|Any CPU
		{967CF8A7-E622-44F8-9D43-89C98E9C7426}.Release|x64.Build.0 = Release|Any CPU
		{967CF8A7-E622-44F8-9D43-89C98E9C7426}.Release|x86.ActiveCfg = Release|Any CPU
		{967CF8A7-E622-44F8-9D43-89C98E9C7426}.Release|x86.Build.0 = Release|Any CPU
		{06D75F09-D2D2-4D20-8670-3214FE8A8F12}.Debug|Any CPU.ActiveCfg = Debug|Any CPU
		{06D75F09-D2D2-4D20-8670-3214FE8A8F12}.Debug|Any CPU.Build.0 = Debug|Any CPU
		{06D75F09-D2D2-4D20-8670-3214FE8A8F12}.Debug|x64.ActiveCfg = Debug|Any CPU
		{06D75F09-D2D2-4D20-8670-3214FE8A8F12}.Debug|x64.Build.0 = Debug|Any CPU
		{06D75F09-D2D2-4D20-8670-3214FE8A8F12}.Debug|x86.ActiveCfg = Debug|Any CPU
		{06D75F09-D2D2-4D20-8670-3214FE8A8F12}.Debug|x86.Build.0 = Debug|Any CPU
		{06D75F09-D2D2-4D20-8670-3214FE8A8F12}.Release|Any CPU.ActiveCfg = Release|Any CPU
		{06D75F09-D2D2-4D20-8670-3214FE8A8F12}.Release|Any CPU.Build.0 = Release|Any CPU
		{06D75F09-D2D2-4D20-8670-3214FE8A8F12}.Release|x64.ActiveCfg = Release|Any CPU
		{06D75F09-D2D2-4D20-8670-3214FE8A8F12}.Release|x64.Build.0 = Release|Any CPU
		{06D75F09-D2D2-4D20-8670-3214FE8A8F12}.Release|x86.ActiveCfg = Release|Any CPU
		{06D75F09-D2D2-4D20-8670-3214FE8A8F12}.Release|x86.Build.0 = Release|Any CPU
		{572004BE-A751-49A7-B181-D13902E67BD1}.Debug|Any CPU.ActiveCfg = Debug|Any CPU
		{572004BE-A751-49A7-B181-D13902E67BD1}.Debug|Any CPU.Build.0 = Debug|Any CPU
		{572004BE-A751-49A7-B181-D13902E67BD1}.Debug|x64.ActiveCfg = Debug|Any CPU
		{572004BE-A751-49A7-B181-D13902E67BD1}.Debug|x64.Build.0 = Debug|Any CPU
		{572004BE-A751-49A7-B181-D13902E67BD1}.Debug|x86.ActiveCfg = Debug|Any CPU
		{572004BE-A751-49A7-B181-D13902E67BD1}.Debug|x86.Build.0 = Debug|Any CPU
		{572004BE-A751-49A7-B181-D13902E67BD1}.Release|Any CPU.ActiveCfg = Release|Any CPU
		{572004BE-A751-49A7-B181-D13902E67BD1}.Release|Any CPU.Build.0 = Release|Any CPU
		{572004BE-A751-49A7-B181-D13902E67BD1}.Release|x64.ActiveCfg = Release|Any CPU
		{572004BE-A751-49A7-B181-D13902E67BD1}.Release|x64.Build.0 = Release|Any CPU
		{572004BE-A751-49A7-B181-D13902E67BD1}.Release|x86.ActiveCfg = Release|Any CPU
		{572004BE-A751-49A7-B181-D13902E67BD1}.Release|x86.Build.0 = Release|Any CPU
	EndGlobalSection
	GlobalSection(SolutionProperties) = preSolution
		HideSolutionNode = FALSE
	EndGlobalSection
EndGlobal
